
Microsoft Visual Studio Solution File, Format Version 12.00
# Visual Studio Version 17
VisualStudioVersion = 17.10.35013.160
MinimumVisualStudioVersion = 10.0.40219.1
Project("{FAE04EC0-301F-11D3-BF4B-00C04F79EFBC}") = "HorseRacing", "HorseRacing.csproj", "{35BF72BF-7F0D-40AF-8CE0-D0FA2D7A2712}"
EndProject
Global
	GlobalSection(SolutionConfigurationPlatforms) = preSolution
		Debug|Any CPU = Debug|Any CPU
		Release|Any CPU = Release|Any CPU
	EndGlobalSection
	GlobalSection(ProjectConfigurationPlatforms) = postSolution
		{35BF72BF-7F0D-40AF-8CE0-D0FA2D7A2712}.Debug|Any CPU.ActiveCfg = Debug|Any CPU
		{35BF72BF-7F0D-40AF-8CE0-D0FA2D7A2712}.Debug|Any CPU.Build.0 = Debug|Any CPU
		{35BF72BF-7F0D-40AF-8CE0-D0FA2D7A2712}.Release|Any CPU.ActiveCfg = Release|Any CPU
		{35BF72BF-7F0D-40AF-8CE0-D0FA2D7A2712}.Release|Any CPU.Build.0 = Release|Any CPU
	EndGlobalSection
	GlobalSection(SolutionProperties) = preSolution
		HideSolutionNode = FALSE
	EndGlobalSection
	GlobalSection(ExtensibilityGlobals) = postSolution
		SolutionGuid = {237F1641-F980-47AA-9627-AD4350E4A802}
	EndGlobalSection
EndGlobal
